
Microsoft Visual Studio Solution File, Format Version 12.00
# Visual Studio 15
VisualStudioVersion = 15.0.28307.329
MinimumVisualStudioVersion = 10.0.40219.1
Project("{9A19103F-16F7-4668-BE54-9A1E7A4F7556}") = "EmployeeManagement", "EmployeeManagement\EmployeeManagement.csproj", "{19D702C4-1A86-4844-A5A6-7D31A6410938}"
EndProject
Global
	GlobalSection(SolutionConfigurationPlatforms) = preSolution
		Debug|Any CPU = Debug|Any CPU
		Release|Any CPU = Release|Any CPU
	EndGlobalSection
	GlobalSection(ProjectConfigurationPlatforms) = postSolution
		{19D702C4-1A86-4844-A5A6-7D31A6410938}.Debug|Any CPU.ActiveCfg = Debug|Any CPU
		{19D702C4-1A86-4844-A5A6-7D31A6410938}.Debug|Any CPU.Build.0 = Debug|Any CPU
		{19D702C4-1A86-4844-A5A6-7D31A6410938}.Release|Any CPU.ActiveCfg = Release|Any CPU
		{19D702C4-1A86-4844-A5A6-7D31A6410938}.Release|Any CPU.Build.0 = Release|Any CPU
	EndGlobalSection
	GlobalSection(SolutionProperties) = preSolution
		HideSolutionNode = FALSE
	EndGlobalSection
	GlobalSection(ExtensibilityGlobals) = postSolution
		SolutionGuid = {038F6BCE-E76B-484B-BE81-0BA03D2739A1}
	EndGlobalSection
EndGlobal
